
Microsoft Visual Studio Solution File, Format Version 12.00
# Visual Studio Version 16
VisualStudioVersion = 16.0.30503.244
MinimumVisualStudioVersion = 10.0.40219.1
Project("{FAE04EC0-301F-11D3-BF4B-00C04F79EFBC}") = "ConsoleApp0916", "ConsoleApp0916\ConsoleApp0916.csproj", "{46F8A47E-57CE-4549-9AE6-97C05B822B9B}"
EndProject
Project("{FAE04EC0-301F-11D3-BF4B-00C04F79EFBC}") = "ClassLibrary2", "ClassLibrary2\ClassLibrary2.csproj", "{88FA2214-3515-472E-AC4D-620ECA98835F}"
EndProject
Global
	GlobalSection(SolutionConfigurationPlatforms) = preSolution
		Debug|Any CPU = Debug|Any CPU
		Release|Any CPU = Release|Any CPU
	EndGlobalSection
	GlobalSection(ProjectConfigurationPlatforms) = postSolution
		{46F8A47E-57CE-4549-9AE6-97C05B822B9B}.Debug|Any CPU.ActiveCfg = Debug|Any CPU
		{46F8A47E-57CE-4549-9AE6-97C05B822B9B}.Debug|Any CPU.Build.0 = Debug|Any CPU
		{46F8A47E-57CE-4549-9AE6-97C05B822B9B}.Release|Any CPU.ActiveCfg = Release|Any CPU
		{46F8A47E-57CE-4549-9AE6-97C05B822B9B}.Release|Any CPU.Build.0 = Release|Any CPU
		{88FA2214-3515-472E-AC4D-620ECA98835F}.Debug|Any CPU.ActiveCfg = Debug|Any CPU
		{88FA2214-3515-472E-AC4D-620ECA98835F}.Debug|Any CPU.Build.0 = Debug|Any CPU
		{88FA2214-3515-472E-AC4D-620ECA98835F}.Release|Any CPU.ActiveCfg = Release|Any CPU
		{88FA2214-3515-472E-AC4D-620ECA98835F}.Release|Any CPU.Build.0 = Release|Any CPU
	EndGlobalSection
	GlobalSection(SolutionProperties) = preSolution
		HideSolutionNode = FALSE
	EndGlobalSection
	GlobalSection(ExtensibilityGlobals) = postSolution
		SolutionGuid = {442D36DF-E9D7-41F5-B0E0-19840B7BE9AD}
	EndGlobalSection
EndGlobal
